// !$*UTF8*$!
{
	archiveVersion = 1;
	classes = {
	};
	objectVersion = 56;
	objects = {

/* Begin PBXBuildFile section */
		454FA88B2BEA65BD0013B0F1 /* GroupGoalTrackerApp.swift in Sources */ = {isa = PBXBuildFile; fileRef = 454FA88A2BEA65BD0013B0F1 /* GroupGoalTrackerApp.swift */; };
		454FA88D2BEA65BD0013B0F1 /* ContentView.swift in Sources */ = {isa = PBXBuildFile; fileRef = 454FA88C2BEA65BD0013B0F1 /* ContentView.swift */; };
		454FA88F2BEA65BF0013B0F1 /* Assets.xcassets in Resources */ = {isa = PBXBuildFile; fileRef = 454FA88E2BEA65BF0013B0F1 /* Assets.xcassets */; };
		454FA8922BEA65BF0013B0F1 /* Preview Assets.xcassets in Resources */ = {isa = PBXBuildFile; fileRef = 454FA8912BEA65BF0013B0F1 /* Preview Assets.xcassets */; };
		454FA89C2BEA65BF0013B0F1 /* GroupGoalTrackerTests.swift in Sources */ = {isa = PBXBuildFile; fileRef = 454FA89B2BEA65BF0013B0F1 /* GroupGoalTrackerTests.swift */; };
		454FA8A62BEA65BF0013B0F1 /* GroupGoalTrackerUITests.swift in Sources */ = {isa = PBXBuildFile; fileRef = 454FA8A52BEA65BF0013B0F1 /* GroupGoalTrackerUITests.swift */; };
		454FA8A82BEA65BF0013B0F1 /* GroupGoalTrackerUITestsLaunchTests.swift in Sources */ = {isa = PBXBuildFile; fileRef = 454FA8A72BEA65BF0013B0F1 /* GroupGoalTrackerUITestsLaunchTests.swift */; };
/* End PBXBuildFile section */

/* Begin PBXContainerItemProxy section */
		454FA8982BEA65BF0013B0F1 /* PBXContainerItemProxy */ = {
			isa = PBXContainerItemProxy;
			containerPortal = 454FA87F2BEA65BD0013B0F1 /* Project object */;
			proxyType = 1;
			remoteGlobalIDString = 454FA8862BEA65BD0013B0F1;
			remoteInfo = GroupGoalTracker;
		};
		454FA8A22BEA65BF0013B0F1 /* PBXContainerItemProxy */ = {
			isa = PBXContainerItemProxy;
			containerPortal = 454FA87F2BEA65BD0013B0F1 /* Project object */;
			proxyType = 1;
			remoteGlobalIDString = 454FA8862BEA65BD0013B0F1;
			remoteInfo = GroupGoalTracker;
		};
/* End PBXContainerItemProxy section */

/* Begin PBXFileReference section */
		454FA8872BEA65BD0013B0F1 /* GroupGoalTracker.app */ = {isa = PBXFileReference; explicitFileType = wrapper.application; includeInIndex = 0; path = GroupGoalTracker.app; sourceTree = BUILT_PRODUCTS_DIR; };
		454FA88A2BEA65BD0013B0F1 /* GroupGoalTrackerApp.swift */ = {isa = PBXFileReference; lastKnownFileType = sourcecode.swift; path = GroupGoalTrackerApp.swift; sourceTree = "<group>"; };
		454FA88C2BEA65BD0013B0F1 /* ContentView.swift */ = {isa = PBXFileReference; lastKnownFileType = sourcecode.swift; path = ContentView.swift; sourceTree = "<group>"; };
		454FA88E2BEA65BF0013B0F1 /* Assets.xcassets */ = {isa = PBXFileReference; lastKnownFileType = folder.assetcatalog; path = Assets.xcassets; sourceTree = "<group>"; };
		454FA8912BEA65BF0013B0F1 /* Preview Assets.xcassets */ = {isa = PBXFileReference; lastKnownFileType = folder.assetcatalog; path = "Preview Assets.xcassets"; sourceTree = "<group>"; };
		454FA8972BEA65BF0013B0F1 /* GroupGoalTrackerTests.xctest */ = {isa = PBXFileReference; explicitFileType = wrapper.cfbundle; includeInIndex = 0; path = GroupGoalTrackerTests.xctest; sourceTree = BUILT_PRODUCTS_DIR; };
		454FA89B2BEA65BF0013B0F1 /* GroupGoalTrackerTests.swift */ = {isa = PBXFileReference; lastKnownFileType = sourcecode.swift; path = GroupGoalTrackerTests.swift; sourceTree = "<group>"; };
		454FA8A12BEA65BF0013B0F1 /* GroupGoalTrackerUITests.xctest */ = {isa = PBXFileReference; explicitFileType = wrapper.cfbundle; includeInIndex = 0; path = GroupGoalTrackerUITests.xctest; sourceTree = BUILT_PRODUCTS_DIR; };
		454FA8A52BEA65BF0013B0F1 /* GroupGoalTrackerUITests.swift */ = {isa = PBXFileReference; lastKnownFileType = sourcecode.swift; path = GroupGoalTrackerUITests.swift; sourceTree = "<group>"; };
		454FA8A72BEA65BF0013B0F1 /* GroupGoalTrackerUITestsLaunchTests.swift */ = {isa = PBXFileReference; lastKnownFileType = sourcecode.swift; path = GroupGoalTrackerUITestsLaunchTests.swift; sourceTree = "<group>"; };
/* End PBXFileReference section */

/* Begin PBXFrameworksBuildPhase section */
		454FA8842BEA65BD0013B0F1 /* Frameworks */ = {
			isa = PBXFrameworksBuildPhase;
			buildActionMask = 2147483647;
			files = (
			);
			runOnlyForDeploymentPostprocessing = 0;
		};
		454FA8942BEA65BF0013B0F1 /* Frameworks */ = {
			isa = PBXFrameworksBuildPhase;
			buildActionMask = 2147483647;
			files = (
			);
			runOnlyForDeploymentPostprocessing = 0;
		};
		454FA89E2BEA65BF0013B0F1 /* Frameworks */ = {
			isa = PBXFrameworksBuildPhase;
			buildActionMask = 2147483647;
			files = (
			);
			runOnlyForDeploymentPostprocessing = 0;
		};
/* End PBXFrameworksBuildPhase section */

/* Begin PBXGroup section */
		454FA87E2BEA65BD0013B0F1 = {
			isa = PBXGroup;
			children = (
				454FA8892BEA65BD0013B0F1 /* GroupGoalTracker */,
				454FA89A2BEA65BF0013B0F1 /* GroupGoalTrackerTests */,
				454FA8A42BEA65BF0013B0F1 /* GroupGoalTrackerUITests */,
				454FA8882BEA65BD0013B0F1 /* Products */,
			);
			sourceTree = "<group>";
		};
		454FA8882BEA65BD0013B0F1 /* Products */ = {
			isa = PBXGroup;
			children = (
				454FA8872BEA65BD0013B0F1 /* GroupGoalTracker.app */,
				454FA8972BEA65BF0013B0F1 /* GroupGoalTrackerTests.xctest */,
				454FA8A12BEA65BF0013B0F1 /* GroupGoalTrackerUITests.xctest */,
			);
			name = Products;
			sourceTree = "<group>";
		};
		454FA8892BEA65BD0013B0F1 /* GroupGoalTracker */ = {
			isa = PBXGroup;
			children = (
				454FA88A2BEA65BD0013B0F1 /* GroupGoalTrackerApp.swift */,
				454FA88C2BEA65BD0013B0F1 /* ContentView.swift */,
				454FA88E2BEA65BF0013B0F1 /* Assets.xcassets */,
				454FA8902BEA65BF0013B0F1 /* Preview Content */,
			);
			path = GroupGoalTracker;
			sourceTree = "<group>";
		};
		454FA8902BEA65BF0013B0F1 /* Preview Content */ = {
			isa = PBXGroup;
			children = (
				454FA8912BEA65BF0013B0F1 /* Preview Assets.xcassets */,
			);
			path = "Preview Content";
			sourceTree = "<group>";
		};
		454FA89A2BEA65BF0013B0F1 /* GroupGoalTrackerTests */ = {
			isa = PBXGroup;
			children = (
				454FA89B2BEA65BF0013B0F1 /* GroupGoalTrackerTests.swift */,
			);
			path = GroupGoalTrackerTests;
			sourceTree = "<group>";
		};
		454FA8A42BEA65BF0013B0F1 /* GroupGoalTrackerUITests */ = {
			isa = PBXGroup;
			children = (
				454FA8A52BEA65BF0013B0F1 /* GroupGoalTrackerUITests.swift */,
				454FA8A72BEA65BF0013B0F1 /* GroupGoalTrackerUITestsLaunchTests.swift */,
			);
			path = GroupGoalTrackerUITests;
			sourceTree = "<group>";
		};
/* End PBXGroup section */

/* Begin PBXNativeTarget section */
		454FA8862BEA65BD0013B0F1 /* GroupGoalTracker */ = {
			isa = PBXNativeTarget;
			buildConfigurationList = 454FA8AB2BEA65BF0013B0F1 /* Build configuration list for PBXNativeTarget "GroupGoalTracker" */;
			buildPhases = (
				454FA8832BEA65BD0013B0F1 /* Sources */,
				454FA8842BEA65BD0013B0F1 /* Frameworks */,
				454FA8852BEA65BD0013B0F1 /* Resources */,
			);
			buildRules = (
			);
			dependencies = (
			);
			name = GroupGoalTracker;
			productName = GroupGoalTracker;
			productReference = 454FA8872BEA65BD0013B0F1 /* GroupGoalTracker.app */;
			productType = "com.apple.product-type.application";
		};
		454FA8962BEA65BF0013B0F1 /* GroupGoalTrackerTests */ = {
			isa = PBXNativeTarget;
			buildConfigurationList = 454FA8AE2BEA65BF0013B0F1 /* Build configuration list for PBXNativeTarget "GroupGoalTrackerTests" */;
			buildPhases = (
				454FA8932BEA65BF0013B0F1 /* Sources */,
				454FA8942BEA65BF0013B0F1 /* Frameworks */,
				454FA8952BEA65BF0013B0F1 /* Resources */,
			);
			buildRules = (
			);
			dependencies = (
				454FA8992BEA65BF0013B0F1 /* PBXTargetDependency */,
			);
			name = GroupGoalTrackerTests;
			productName = GroupGoalTrackerTests;
			productReference = 454FA8972BEA65BF0013B0F1 /* GroupGoalTrackerTests.xctest */;
			productType = "com.apple.product-type.bundle.unit-test";
		};
		454FA8A02BEA65BF0013B0F1 /* GroupGoalTrackerUITests */ = {
			isa = PBXNativeTarget;
			buildConfigurationList = 454FA8B12BEA65BF0013B0F1 /* Build configuration list for PBXNativeTarget "GroupGoalTrackerUITests" */;
			buildPhases = (
				454FA89D2BEA65BF0013B0F1 /* Sources */,
				454FA89E2BEA65BF0013B0F1 /* Frameworks */,
				454FA89F2BEA65BF0013B0F1 /* Resources */,
			);
			buildRules = (
			);
			dependencies = (
				454FA8A32BEA65BF0013B0F1 /* PBXTargetDependency */,
			);
			name = GroupGoalTrackerUITests;
			productName = GroupGoalTrackerUITests;
			productReference = 454FA8A12BEA65BF0013B0F1 /* GroupGoalTrackerUITests.xctest */;
			productType = "com.apple.product-type.bundle.ui-testing";
		};
/* End PBXNativeTarget section */

/* Begin PBXProject section */
		454FA87F2BEA65BD0013B0F1 /* Project object */ = {
			isa = PBXProject;
			attributes = {
				BuildIndependentTargetsInParallel = 1;
				LastSwiftUpdateCheck = 1530;
				LastUpgradeCheck = 1530;
				TargetAttributes = {
					454FA8862BEA65BD0013B0F1 = {
						CreatedOnToolsVersion = 15.3;
					};
					454FA8962BEA65BF0013B0F1 = {
						CreatedOnToolsVersion = 15.3;
						TestTargetID = 454FA8862BEA65BD0013B0F1;
					};
					454FA8A02BEA65BF0013B0F1 = {
						CreatedOnToolsVersion = 15.3;
						TestTargetID = 454FA8862BEA65BD0013B0F1;
					};
				};
			};
			buildConfigurationList = 454FA8822BEA65BD0013B0F1 /* Build configuration list for PBXProject "GroupGoalTracker" */;
			compatibilityVersion = "Xcode 14.0";
			developmentRegion = en;
			hasScannedForEncodings = 0;
			knownRegions = (
				en,
				Base,
			);
			mainGroup = 454FA87E2BEA65BD0013B0F1;
			productRefGroup = 454FA8882BEA65BD0013B0F1 /* Products */;
			projectDirPath = "";
			projectRoot = "";
			targets = (
				454FA8862BEA65BD0013B0F1 /* GroupGoalTracker */,
				454FA8962BEA65BF0013B0F1 /* GroupGoalTrackerTests */,
				454FA8A02BEA65BF0013B0F1 /* GroupGoalTrackerUITests */,
			);
		};
/* End PBXProject section */

/* Begin PBXResourcesBuildPhase section */
		454FA8852BEA65BD0013B0F1 /* Resources */ = {
			isa = PBXResourcesBuildPhase;
			buildActionMask = 2147483647;
			files = (
				454FA8922BEA65BF0013B0F1 /* Preview Assets.xcassets in Resources */,
				454FA88F2BEA65BF0013B0F1 /* Assets.xcassets in Resources */,
			);
			runOnlyForDeploymentPostprocessing = 0;
		};
		454FA8952BEA65BF0013B0F1 /* Resources */ = {
			isa = PBXResourcesBuildPhase;
			buildActionMask = 2147483647;
			files = (
			);
			runOnlyForDeploymentPostprocessing = 0;
		};
		454FA89F2BEA65BF0013B0F1 /* Resources */ = {
			isa = PBXResourcesBuildPhase;
			buildActionMask = 2147483647;
			files = (
			);
			runOnlyForDeploymentPostprocessing = 0;
		};
/* End PBXResourcesBuildPhase section */

/* Begin PBXSourcesBuildPhase section */
		454FA8832BEA65BD0013B0F1 /* Sources */ = {
			isa = PBXSourcesBuildPhase;
			buildActionMask = 2147483647;
			files = (
				454FA88D2BEA65BD0013B0F1 /* ContentView.swift in Sources */,
				454FA88B2BEA65BD0013B0F1 /* GroupGoalTrackerApp.swift in Sources */,
			);
			runOnlyForDeploymentPostprocessing = 0;
		};
		454FA8932BEA65BF0013B0F1 /* Sources */ = {
			isa = PBXSourcesBuildPhase;
			buildActionMask = 2147483647;
			files = (
				454FA89C2BEA65BF0013B0F1 /* GroupGoalTrackerTests.swift in Sources */,
			);
			runOnlyForDeploymentPostprocessing = 0;
		};
		454FA89D2BEA65BF0013B0F1 /* Sources */ = {
			isa = PBXSourcesBuildPhase;
			buildActionMask = 2147483647;
			files = (
				454FA8A82BEA65BF0013B0F1 /* GroupGoalTrackerUITestsLaunchTests.swift in Sources */,
				454FA8A62BEA65BF0013B0F1 /* GroupGoalTrackerUITests.swift in Sources */,
			);
			runOnlyForDeploymentPostprocessing = 0;
		};
/* End PBXSourcesBuildPhase section */

/* Begin PBXTargetDependency section */
		454FA8992BEA65BF0013B0F1 /* PBXTargetDependency */ = {
			isa = PBXTargetDependency;
			target = 454FA8862BEA65BD0013B0F1 /* GroupGoalTracker */;
			targetProxy = 454FA8982BEA65BF0013B0F1 /* PBXContainerItemProxy */;
		};
		454FA8A32BEA65BF0013B0F1 /* PBXTargetDependency */ = {
			isa = PBXTargetDependency;
			target = 454FA8862BEA65BD0013B0F1 /* GroupGoalTracker */;
			targetProxy = 454FA8A22BEA65BF0013B0F1 /* PBXContainerItemProxy */;
		};
/* End PBXTargetDependency section */

/* Begin XCBuildConfiguration section */
		454FA8A92BEA65BF0013B0F1 /* Debug */ = {
			isa = XCBuildConfiguration;
			buildSettings = {
				ALWAYS_SEARCH_USER_PATHS = NO;
				ASSETCATALOG_COMPILER_GENERATE_SWIFT_ASSET_SYMBOL_EXTENSIONS = YES;
				CLANG_ANALYZER_NONNULL = YES;
				CLANG_ANALYZER_NUMBER_OBJECT_CONVERSION = YES_AGGRESSIVE;
				CLANG_CXX_LANGUAGE_STANDARD = "gnu++20";
				CLANG_ENABLE_MODULES = YES;
				CLANG_ENABLE_OBJC_ARC = YES;
				CLANG_ENABLE_OBJC_WEAK = YES;
				CLANG_WARN_BLOCK_CAPTURE_AUTORELEASING = YES;
				CLANG_WARN_BOOL_CONVERSION = YES;
				CLANG_WARN_COMMA = YES;
				CLANG_WARN_CONSTANT_CONVERSION = YES;
				CLANG_WARN_DEPRECATED_OBJC_IMPLEMENTATIONS = YES;
				CLANG_WARN_DIRECT_OBJC_ISA_USAGE = YES_ERROR;
				CLANG_WARN_DOCUMENTATION_COMMENTS = YES;
				CLANG_WARN_EMPTY_BODY = YES;
				CLANG_WARN_ENUM_CONVERSION = YES;
				CLANG_WARN_INFINITE_RECURSION = YES;
				CLANG_WARN_INT_CONVERSION = YES;
				CLANG_WARN_NON_LITERAL_NULL_CONVERSION = YES;
				CLANG_WARN_OBJC_IMPLICIT_RETAIN_SELF = YES;
				CLANG_WARN_OBJC_LITERAL_CONVERSION = YES;
				CLANG_WARN_OBJC_ROOT_CLASS = YES_ERROR;
				CLANG_WARN_QUOTED_INCLUDE_IN_FRAMEWORK_HEADER = YES;
				CLANG_WARN_RANGE_LOOP_ANALYSIS = YES;
				CLANG_WARN_STRICT_PROTOTYPES = YES;
				CLANG_WARN_SUSPICIOUS_MOVE = YES;
				CLANG_WARN_UNGUARDED_AVAILABILITY = YES_AGGRESSIVE;
				CLANG_WARN_UNREACHABLE_CODE = YES;
				CLANG_WARN__DUPLICATE_METHOD_MATCH = YES;
				COPY_PHASE_STRIP = NO;
				DEBUG_INFORMATION_FORMAT = dwarf;
				ENABLE_STRICT_OBJC_MSGSEND = YES;
				ENABLE_TESTABILITY = YES;
				ENABLE_USER_SCRIPT_SANDBOXING = YES;
				GCC_C_LANGUAGE_STANDARD = gnu17;
				GCC_DYNAMIC_NO_PIC = NO;
				GCC_NO_COMMON_BLOCKS = YES;
				GCC_OPTIMIZATION_LEVEL = 0;
				GCC_PREPROCESSOR_DEFINITIONS = (
					"DEBUG=1",
					"$(inherited)",
				);
				GCC_WARN_64_TO_32_BIT_CONVERSION = YES;
				GCC_WARN_ABOUT_RETURN_TYPE = YES_ERROR;
				GCC_WARN_UNDECLARED_SELECTOR = YES;
				GCC_WARN_UNINITIALIZED_AUTOS = YES_AGGRESSIVE;
				GCC_WARN_UNUSED_FUNCTION = YES;
				GCC_WARN_UNUSED_VARIABLE = YES;
				IPHONEOS_DEPLOYMENT_TARGET = 17.4;
				LOCALIZATION_PREFERS_STRING_CATALOGS = YES;
				MTL_ENABLE_DEBUG_INFO = INCLUDE_SOURCE;
				MTL_FAST_MATH = YES;
				ONLY_ACTIVE_ARCH = YES;
				SDKROOT = iphoneos;
				SWIFT_ACTIVE_COMPILATION_CONDITIONS = "DEBUG $(inherited)";
				SWIFT_OPTIMIZATION_LEVEL = "-Onone";
			};
			name = Debug;
		};
		454FA8AA2BEA65BF0013B0F1 /* Release */ = {
			isa = XCBuildConfiguration;
			buildSettings = {
				ALWAYS_SEARCH_USER_PATHS = NO;
				ASSETCATALOG_COMPILER_GENERATE_SWIFT_ASSET_SYMBOL_EXTENSIONS = YES;
				CLANG_ANALYZER_NONNULL = YES;
				CLANG_ANALYZER_NUMBER_OBJECT_CONVERSION = YES_AGGRESSIVE;
				CLANG_CXX_LANGUAGE_STANDARD = "gnu++20";
				CLANG_ENABLE_MODULES = YES;
				CLANG_ENABLE_OBJC_ARC = YES;
				CLANG_ENABLE_OBJC_WEAK = YES;
				CLANG_WARN_BLOCK_CAPTURE_AUTORELEASING = YES;
				CLANG_WARN_BOOL_CONVERSION = YES;
				CLANG_WARN_COMMA = YES;
				CLANG_WARN_CONSTANT_CONVERSION = YES;
				CLANG_WARN_DEPRECATED_OBJC_IMPLEMENTATIONS = YES;
				CLANG_WARN_DIRECT_OBJC_ISA_USAGE = YES_ERROR;
				CLANG_WARN_DOCUMENTATION_COMMENTS = YES;
				CLANG_WARN_EMPTY_BODY = YES;
				CLANG_WARN_ENUM_CONVERSION = YES;
				CLANG_WARN_INFINITE_RECURSION = YES;
				CLANG_WARN_INT_CONVERSION = YES;
				CLANG_WARN_NON_LITERAL_NULL_CONVERSION = YES;
				CLANG_WARN_OBJC_IMPLICIT_RETAIN_SELF = YES;
				CLANG_WARN_OBJC_LITERAL_CONVERSION = YES;
				CLANG_WARN_OBJC_ROOT_CLASS = YES_ERROR;
				CLANG_WARN_QUOTED_INCLUDE_IN_FRAMEWORK_HEADER = YES;
				CLANG_WARN_RANGE_LOOP_ANALYSIS = YES;
				CLANG_WARN_STRICT_PROTOTYPES = YES;
				CLANG_WARN_SUSPICIOUS_MOVE = YES;
				CLANG_WARN_UNGUARDED_AVAILABILITY = YES_AGGRESSIVE;
				CLANG_WARN_UNREACHABLE_CODE = YES;
				CLANG_WARN__DUPLICATE_METHOD_MATCH = YES;
				COPY_PHASE_STRIP = NO;
				DEBUG_INFORMATION_FORMAT = "dwarf-with-dsym";
				ENABLE_NS_ASSERTIONS = NO;
				ENABLE_STRICT_OBJC_MSGSEND = YES;
				ENABLE_USER_SCRIPT_SANDBOXING = YES;
				GCC_C_LANGUAGE_STANDARD = gnu17;
				GCC_NO_COMMON_BLOCKS = YES;
				GCC_WARN_64_TO_32_BIT_CONVERSION = YES;
				GCC_WARN_ABOUT_RETURN_TYPE = YES_ERROR;
				GCC_WARN_UNDECLARED_SELECTOR = YES;
				GCC_WARN_UNINITIALIZED_AUTOS = YES_AGGRESSIVE;
				GCC_WARN_UNUSED_FUNCTION = YES;
				GCC_WARN_UNUSED_VARIABLE = YES;
				IPHONEOS_DEPLOYMENT_TARGET = 17.4;
				LOCALIZATION_PREFERS_STRING_CATALOGS = YES;
				MTL_ENABLE_DEBUG_INFO = NO;
				MTL_FAST_MATH = YES;
				SDKROOT = iphoneos;
				SWIFT_COMPILATION_MODE = wholemodule;
				VALIDATE_PRODUCT = YES;
			};
			name = Release;
		};
		454FA8AC2BEA65BF0013B0F1 /* Debug */ = {
			isa = XCBuildConfiguration;
			buildSettings = {
				ASSETCATALOG_COMPILER_APPICON_NAME = AppIcon;
				ASSETCATALOG_COMPILER_GLOBAL_ACCENT_COLOR_NAME = AccentColor;
				CODE_SIGN_STYLE = Automatic;
				CURRENT_PROJECT_VERSION = 1;
				DEVELOPMENT_ASSET_PATHS = "\"GroupGoalTracker/Preview Content\"";
				ENABLE_PREVIEWS = YES;
				GENERATE_INFOPLIST_FILE = YES;
				INFOPLIST_KEY_UIApplicationSceneManifest_Generation = YES;
				INFOPLIST_KEY_UIApplicationSupportsIndirectInputEvents = YES;
				INFOPLIST_KEY_UILaunchScreen_Generation = YES;
				INFOPLIST_KEY_UISupportedInterfaceOrientations_iPad = "UIInterfaceOrientationPortrait UIInterfaceOrientationPortraitUpsideDown UIInterfaceOrientationLandscapeLeft UIInterfaceOrientationLandscapeRight";
				INFOPLIST_KEY_UISupportedInterfaceOrientations_iPhone = "UIInterfaceOrientationPortrait UIInterfaceOrientationLandscapeLeft UIInterfaceOrientationLandscapeRight";
				LD_RUNPATH_SEARCH_PATHS = (
					"$(inherited)",
					"@executable_path/Frameworks",
				);
				MARKETING_VERSION = 1.0;
				PRODUCT_BUNDLE_IDENTIFIER = "test-app.GroupGoalTracker";
				PRODUCT_NAME = "$(TARGET_NAME)";
				SWIFT_EMIT_LOC_STRINGS = YES;
				SWIFT_VERSION = 5.0;
				TARGETED_DEVICE_FAMILY = "1,2";
			};
			name = Debug;
		};
		454FA8AD2BEA65BF0013B0F1 /* Release */ = {
			isa = XCBuildConfiguration;
			buildSettings = {
				ASSETCATALOG_COMPILER_APPICON_NAME = AppIcon;
				ASSETCATALOG_COMPILER_GLOBAL_ACCENT_COLOR_NAME = AccentColor;
				CODE_SIGN_STYLE = Automatic;
				CURRENT_PROJECT_VERSION = 1;
				DEVELOPMENT_ASSET_PATHS = "\"GroupGoalTracker/Preview Content\"";
				ENABLE_PREVIEWS = YES;
				GENERATE_INFOPLIST_FILE = YES;
				INFOPLIST_KEY_UIApplicationSceneManifest_Generation = YES;
				INFOPLIST_KEY_UIApplicationSupportsIndirectInputEvents = YES;
				INFOPLIST_KEY_UILaunchScreen_Generation = YES;
				INFOPLIST_KEY_UISupportedInterfaceOrientations_iPad = "UIInterfaceOrientationPortrait UIInterfaceOrientationPortraitUpsideDown UIInterfaceOrientationLandscapeLeft UIInterfaceOrientationLandscapeRight";
				INFOPLIST_KEY_UISupportedInterfaceOrientations_iPhone = "UIInterfaceOrientationPortrait UIInterfaceOrientationLandscapeLeft UIInterfaceOrientationLandscapeRight";
				LD_RUNPATH_SEARCH_PATHS = (
					"$(inherited)",
					"@executable_path/Frameworks",
				);
				MARKETING_VERSION = 1.0;
				PRODUCT_BUNDLE_IDENTIFIER = "test-app.GroupGoalTracker";
				PRODUCT_NAME = "$(TARGET_NAME)";
				SWIFT_EMIT_LOC_STRINGS = YES;
				SWIFT_VERSION = 5.0;
				TARGETED_DEVICE_FAMILY = "1,2";
			};
			name = Release;
		};
		454FA8AF2BEA65BF0013B0F1 /* Debug */ = {
			isa = XCBuildConfiguration;
			buildSettings = {
				ALWAYS_EMBED_SWIFT_STANDARD_LIBRARIES = YES;
				BUNDLE_LOADER = "$(TEST_HOST)";
				CODE_SIGN_STYLE = Automatic;
				CURRENT_PROJECT_VERSION = 1;
				GENERATE_INFOPLIST_FILE = YES;
				IPHONEOS_DEPLOYMENT_TARGET = 17.4;
				MARKETING_VERSION = 1.0;
				PRODUCT_BUNDLE_IDENTIFIER = "test-app.GroupGoalTrackerTests";
				PRODUCT_NAME = "$(TARGET_NAME)";
				SWIFT_EMIT_LOC_STRINGS = NO;
				SWIFT_VERSION = 5.0;
				TARGETED_DEVICE_FAMILY = "1,2";
				TEST_HOST = "$(BUILT_PRODUCTS_DIR)/GroupGoalTracker.app/$(BUNDLE_EXECUTABLE_FOLDER_PATH)/GroupGoalTracker";
			};
			name = Debug;
		};
		454FA8B02BEA65BF0013B0F1 /* Release */ = {
			isa = XCBuildConfiguration;
			buildSettings = {
				ALWAYS_EMBED_SWIFT_STANDARD_LIBRARIES = YES;
				BUNDLE_LOADER = "$(TEST_HOST)";
				CODE_SIGN_STYLE = Automatic;
				CURRENT_PROJECT_VERSION = 1;
				GENERATE_INFOPLIST_FILE = YES;
				IPHONEOS_DEPLOYMENT_TARGET = 17.4;
				MARKETING_VERSION = 1.0;
				PRODUCT_BUNDLE_IDENTIFIER = "test-app.GroupGoalTrackerTests";
				PRODUCT_NAME = "$(TARGET_NAME)";
				SWIFT_EMIT_LOC_STRINGS = NO;
				SWIFT_VERSION = 5.0;
				TARGETED_DEVICE_FAMILY = "1,2";
				TEST_HOST = "$(BUILT_PRODUCTS_DIR)/GroupGoalTracker.app/$(BUNDLE_EXECUTABLE_FOLDER_PATH)/GroupGoalTracker";
			};
			name = Release;
		};
		454FA8B22BEA65BF0013B0F1 /* Debug */ = {
			isa = XCBuildConfiguration;
			buildSettings = {
				ALWAYS_EMBED_SWIFT_STANDARD_LIBRARIES = YES;
				CODE_SIGN_STYLE = Automatic;
				CURRENT_PROJECT_VERSION = 1;
				GENERATE_INFOPLIST_FILE = YES;
				MARKETING_VERSION = 1.0;
				PRODUCT_BUNDLE_IDENTIFIER = "test-app.GroupGoalTrackerUITests";
				PRODUCT_NAME = "$(TARGET_NAME)";
				SWIFT_EMIT_LOC_STRINGS = NO;
				SWIFT_VERSION = 5.0;
				TARGETED_DEVICE_FAMILY = "1,2";
				TEST_TARGET_NAME = GroupGoalTracker;
			};
			name = Debug;
		};
		454FA8B32BEA65BF0013B0F1 /* Release */ = {
			isa = XCBuildConfiguration;
			buildSettings = {
				ALWAYS_EMBED_SWIFT_STANDARD_LIBRARIES = YES;
				CODE_SIGN_STYLE = Automatic;
				CURRENT_PROJECT_VERSION = 1;
				GENERATE_INFOPLIST_FILE = YES;
				MARKETING_VERSION = 1.0;
				PRODUCT_BUNDLE_IDENTIFIER = "test-app.GroupGoalTrackerUITests";
				PRODUCT_NAME = "$(TARGET_NAME)";
				SWIFT_EMIT_LOC_STRINGS = NO;
				SWIFT_VERSION = 5.0;
				TARGETED_DEVICE_FAMILY = "1,2";
				TEST_TARGET_NAME = GroupGoalTracker;
			};
			name = Release;
		};
/* End XCBuildConfiguration section */

/* Begin XCConfigurationList section */
		454FA8822BEA65BD0013B0F1 /* Build configuration list for PBXProject "GroupGoalTracker" */ = {
			isa = XCConfigurationList;
			buildConfigurations = (
				454FA8A92BEA65BF0013B0F1 /* Debug */,
				454FA8AA2BEA65BF0013B0F1 /* Release */,
			);
			defaultConfigurationIsVisible = 0;
			defaultConfigurationName = Release;
		};
		454FA8AB2BEA65BF0013B0F1 /* Build configuration list for PBXNativeTarget "GroupGoalTracker" */ = {
			isa = XCConfigurationList;
			buildConfigurations = (
				454FA8AC2BEA65BF0013B0F1 /* Debug */,
				454FA8AD2BEA65BF0013B0F1 /* Release */,
			);
			defaultConfigurationIsVisible = 0;
			defaultConfigurationName = Release;
		};
		454FA8AE2BEA65BF0013B0F1 /* Build configuration list for PBXNativeTarget "GroupGoalTrackerTests" */ = {
			isa = XCConfigurationList;
			buildConfigurations = (
				454FA8AF2BEA65BF0013B0F1 /* Debug */,
				454FA8B02BEA65BF0013B0F1 /* Release */,
			);
			defaultConfigurationIsVisible = 0;
			defaultConfigurationName = Release;
		};
		454FA8B12BEA65BF0013B0F1 /* Build configuration list for PBXNativeTarget "GroupGoalTrackerUITests" */ = {
			isa = XCConfigurationList;
			buildConfigurations = (
				454FA8B22BEA65BF0013B0F1 /* Debug */,
				454FA8B32BEA65BF0013B0F1 /* Release */,
			);
			defaultConfigurationIsVisible = 0;
			defaultConfigurationName = Release;
		};
/* End XCConfigurationList section */
	};
	rootObject = 454FA87F2BEA65BD0013B0F1 /* Project object */;
}
